
Microsoft Visual Studio Solution File, Format Version 12.00
# Visual Studio Version 17
VisualStudioVersion = 17.9.34728.123
MinimumVisualStudioVersion = 10.0.40219.1
Project("{FAE04EC0-301F-11D3-BF4B-00C04F79EFBC}") = "mediapipe-hand-tracking-backend", "mediapipe-hand-tracking-backend\mediapipe-hand-tracking-backend.csproj", "{485C3047-5F9D-48C0-873E-F943FD6407AD}"
EndProject
Global
	GlobalSection(SolutionConfigurationPlatforms) = preSolution
		Debug|Any CPU = Debug|Any CPU
		Release|Any CPU = Release|Any CPU
	EndGlobalSection
	GlobalSection(ProjectConfigurationPlatforms) = postSolution
		{485C3047-5F9D-48C0-873E-F943FD6407AD}.Debug|Any CPU.ActiveCfg = Debug|Any CPU
		{485C3047-5F9D-48C0-873E-F943FD6407AD}.Debug|Any CPU.Build.0 = Debug|Any CPU
		{485C3047-5F9D-48C0-873E-F943FD6407AD}.Release|Any CPU.ActiveCfg = Release|Any CPU
		{485C3047-5F9D-48C0-873E-F943FD6407AD}.Release|Any CPU.Build.0 = Release|Any CPU
	EndGlobalSection
	GlobalSection(SolutionProperties) = preSolution
		HideSolutionNode = FALSE
	EndGlobalSection
	GlobalSection(ExtensibilityGlobals) = postSolution
		SolutionGuid = {E21FF672-1B3A-4151-92D3-1EC3FFC62D7F}
	EndGlobalSection
EndGlobal
